
Microsoft Visual Studio Solution File, Format Version 12.00
# Visual Studio Version 16
VisualStudioVersion = 16.0.31624.102
MinimumVisualStudioVersion = 10.0.40219.1
Project("{FAE04EC0-301F-11D3-BF4B-00C04F79EFBC}") = "SalesWebMvc", "SalesWebMvc\SalesWebMvc.csproj", "{E6C7618D-DEBC-43A4-8CB0-F9B16D4855FA}"
EndProject
Global
	GlobalSection(SolutionConfigurationPlatforms) = preSolution
		Debug|Any CPU = Debug|Any CPU
		Release|Any CPU = Release|Any CPU
	EndGlobalSection
	GlobalSection(ProjectConfigurationPlatforms) = postSolution
		{E6C7618D-DEBC-43A4-8CB0-F9B16D4855FA}.Debug|Any CPU.ActiveCfg = Debug|Any CPU
		{E6C7618D-DEBC-43A4-8CB0-F9B16D4855FA}.Debug|Any CPU.Build.0 = Debug|Any CPU
		{E6C7618D-DEBC-43A4-8CB0-F9B16D4855FA}.Release|Any CPU.ActiveCfg = Release|Any CPU
		{E6C7618D-DEBC-43A4-8CB0-F9B16D4855FA}.Release|Any CPU.Build.0 = Release|Any CPU
	EndGlobalSection
	GlobalSection(SolutionProperties) = preSolution
		HideSolutionNode = FALSE
	EndGlobalSection
	GlobalSection(ExtensibilityGlobals) = postSolution
		SolutionGuid = {C05D6887-14E2-461A-BBE7-757A89460B4A}
	EndGlobalSection
EndGlobal
